dependencies:
  idf:
    source:
      type: idf
    version: 5.5.3
  lvgl/lvgl:
    component_hash: 2409fdc84e9766d2a18afd84b051aef3f838348136cdb1c10ac2e8bcdb012bf6
    dependencies: []
    source:
      registry_url: https://components.espressif.com/
      type: service
    version: 9.2.0
direct_dependencies:
- lvgl/lvgl
manifest_hash: a363770673fd17358ffc442b55b462222ce3c39846138872b4cd990501b902bb
target: esp32
version: 2.0.0
