dependencies:
  esp-idf-lib/esp_idf_lib_helpers:
    component_hash: 689853bb8993434f9556af0f2816e808bf77b5d22100144b21f3519993daf237
    dependencies: []
    source:
      registry_url: https://components.espressif.com/
      type: service
    targets:
    - esp32
    - esp32c2
    - esp32c3
    - esp32c5
    - esp32c6
    - esp32c61
    - esp32h2
    - esp32p4
    - esp32s2
    - esp32s3
    version: 1.4.0
  esp-idf-lib/max31865:
    component_hash: d49498742114cc48fbb4526423d0a3cef205f7faf7492f0bb5a289f9f9cb8e20
    dependencies: []
    source:
      registry_url: https://components.espressif.com/
      type: service
    targets:
    - esp32
    - esp32c2
    - esp32c3
    - esp32c5
    - esp32c6
    - esp32c61
    - esp32h2
    - esp32p4
    - esp32s2
    - esp32s3
    version: 1.0.7
  idf:
    source:
      type: idf
    version: 5.5.3
direct_dependencies:
- esp-idf-lib/esp_idf_lib_helpers
- esp-idf-lib/max31865
manifest_hash: a8a00c28e9007060c449f40fee585313fe94479afa86d8e22ff96ed5c3099953
target: esp32
version: 2.0.0
